// !$*UTF8*$!
{
	archiveVersion = 1;
	classes = {
	};
	objectVersion = 56;
	objects = {

/* Begin PBXBuildFile section */
		AA1122334455667788990022={isa=PBXBuildFile;fileRef=AA1122334455667788990011 /* VideoPlayerView.swift */;settings={};};
		FF1122334455667788990022={isa=PBXBuildFile;fileRef=FF1122334455667788990011 /* GarlandView.swift */;settings={};};
		EE1122334455667788990022={isa=PBXBuildFile;fileRef=EE1122334455667788990011 /* WeatherOverlayView.swift */;settings={};};
		DD1122334455667788990022={isa=PBXBuildFile;fileRef=DD1122334455667788990011 /* PetView.swift */;settings={};};
		BB2233445566778899AABB11={isa=PBXBuildFile;fileRef=BB2233445566778899AABB00 /* ClockView.swift */;settings={};};
		AA00BB11CC22DD3344556677={isa=PBXBuildFile;fileRef=3EEACAC82B7249DA8FEE5DE8 /* AboutView.swift */;settings={};};
		CC1122334455668800112233={isa=PBXBuildFile;fileRef=CC1122334455667700112233 /* RegDateCheckerView.swift */;settings={};};
		32874D2F845044A3={isa=PBXBuildFile;fileRef=3EEACAC82B7249DA8FEE5DE8;};
		DA7DD5BCBF7944EA92DCBF61={isa=PBXBuildFile;fileRef=309AE0DA42554419BB1A2AC6;};
		6C255109BFA34E9FA5416754={isa=PBXBuildFile;fileRef=49D1AEB157CA44E2A19BD4E7;};
		36706441E428462AB7BECCD7={isa=PBXBuildFile;fileRef=DB7DE331F4BF458DBC24CBE0;};
		AB282466E5E4459FA6D68C66={isa=PBXBuildFile;fileRef=BAE3163F06BA4DBF91FD0A21;};
		CEA2ABD279914D8881F8236E={isa=PBXBuildFile;fileRef=FF9E956535C84CAE8CA1E574;};
		002EE6A72A0C4231A73FB7D9={isa=PBXBuildFile;fileRef=5FBFED61719D4154A45CB999;};
		0FA7F3C1B45C4D4790198DCF={isa=PBXBuildFile;fileRef=1FC8618230044CBE89F8D06D;};
		34AB9C9783D94324BD088B98={isa=PBXBuildFile;fileRef=C5B21503E31C46778398A4D5;};
		E98EF70D153C465A83781186={isa=PBXBuildFile;fileRef=DBEBD25ACCB24B0A93FFD5B8;};
		DC7E6B98256E4DB59F624493={isa=PBXBuildFile;fileRef=91E0A7B85B864A0584EF8025;};
		30B58CEE66EC4FEFA41FC7E2={isa=PBXBuildFile;fileRef=FE6EFB2A5A2742FAB81E4FB9;};
		3F8ECD8A07F740E29E78FFAB={isa=PBXBuildFile;fileRef=7233304974BF497DB8C02112;};
		26E496D3A8854B35A1AFF7A1={isa=PBXBuildFile;fileRef=04E80117A48B4F57888A78B4;};
		6DC53A6036CD43E6AD214513={isa=PBXBuildFile;fileRef=E722F23869524788B8F4C8A5;};
		109091E3CE504625AC3ABB47={isa=PBXBuildFile;fileRef=C71CA69420C64AA5833A8715;};
		E726E62A421A421F8D59615B={isa=PBXBuildFile;fileRef=99FCE7583F4741CB8F1D73D7;};
		F413866F6C3E454E99A6A0B8={isa=PBXBuildFile;fileRef=33230DCA47254F4B83EA3527;};
		77871B788D0D42ED8584606E={isa=PBXBuildFile;fileRef=A425DBDF967643CC9F5FD30B;};
		46C49CA49A7F451AB243DE0B={isa=PBXBuildFile;fileRef=6F10F1AAC55C428BAA63997D;};
		1E635E7988354639BFF4ABA6={isa=PBXBuildFile;fileRef=45A4F9FE0C2745B59304960C;};
		234331A3973D4499B56DD0EB={isa=PBXBuildFile;fileRef=C1DCE119DE3F4B3280633706;};
		04A29F54D6974BDA91770892={isa=PBXBuildFile;fileRef=553E00FAE0F544C9A8E88F7A;};
		1F21F5A5D369406D88979FB9={isa=PBXBuildFile;fileRef=613C6E83A1C442EA9480CB74;};
		9AE9F57AE8A5470A8BC02172={isa=PBXBuildFile;fileRef=FB3D4FBF228848BA93775701;};
		41CEF0EAD55844EE9D4B8868={isa=PBXBuildFile;fileRef=D56413F6E89147D3A476F2B1;};
		1CC2237FCC52455BB7B8690C={isa=PBXBuildFile;fileRef=CA880EF40A3341F2BFCE09CA;};
		C4821AAE3D5647DEB20EEE86={isa=PBXBuildFile;fileRef=4949C202137546A7B95CA121;};
		C99C207284A5481E803AAFEA={isa=PBXBuildFile;fileRef=AC22F5758C52418C85EB3D29;};
		D0CF4B1BF47C4331A822B1B7={isa=PBXBuildFile;fileRef=DFE17E18553B426CA346FA30;};
		E092D1100CCB4B839BBBF116={isa=PBXBuildFile;fileRef=24306AF3BEF945C18A815538;};
		DCE5EB82E3FB4FC9B6ADA1A9={isa=PBXBuildFile;fileRef=B395A646C2054730A24C4621;};
/* End PBXBuildFile section */

/* Begin PBXFileReference section */
		3EEACAC82B7249DA8FEE5DE8={isa=PBXFileReference;lastKnownFileType=sourcecode.swift;path=AboutView.swift;sourceTree="<group>";};
		AA1122334455667788990011={isa=PBXFileReference;lastKnownFileType=sourcecode.swift;path=VideoPlayerView.swift;sourceTree="<group>";};
		FF1122334455667788990011={isa=PBXFileReference;lastKnownFileType=sourcecode.swift;path=GarlandView.swift;sourceTree="<group>";};
		EE1122334455667788990011={isa=PBXFileReference;lastKnownFileType=sourcecode.swift;path=WeatherOverlayView.swift;sourceTree="<group>";};
		DD1122334455667788990011={isa=PBXFileReference;lastKnownFileType=sourcecode.swift;path=PetView.swift;sourceTree="<group>";};
		BB2233445566778899AABB00={isa=PBXFileReference;lastKnownFileType=sourcecode.swift;path=ClockView.swift;sourceTree="<group>";};
		CC1122334455667700112233={isa=PBXFileReference;lastKnownFileType=sourcecode.swift;path=RegDateCheckerView.swift;sourceTree="<group>";};
		309AE0DA42554419BB1A2AC6={isa=PBXFileReference;lastKnownFileType=sourcecode.swift;path=AnimatedComponents.swift;sourceTree="<group>";};
		49D1AEB157CA44E2A19BD4E7={isa=PBXFileReference;lastKnownFileType=sourcecode.swift;path=AnimatedTabBar.swift;sourceTree="<group>";};
		DB7DE331F4BF458DBC24CBE0={isa=PBXFileReference;lastKnownFileType=sourcecode.swift;path=AuthView.swift;sourceTree="<group>";};
		BAE3163F06BA4DBF91FD0A21={isa=PBXFileReference;lastKnownFileType=sourcecode.swift;path=AuthViewModel.swift;sourceTree="<group>";};
		FF9E956535C84CAE8CA1E574={isa=PBXFileReference;lastKnownFileType=sourcecode.swift;path=AvatarView.swift;sourceTree="<group>";};
		5FBFED61719D4154A45CB999={isa=PBXFileReference;lastKnownFileType=sourcecode.swift;path=ChatView.swift;sourceTree="<group>";};
		1FC8618230044CBE89F8D06D={isa=PBXFileReference;lastKnownFileType=sourcecode.swift;path=ContentView.swift;sourceTree="<group>";};
		C5B21503E31C46778398A4D5={isa=PBXFileReference;lastKnownFileType=sourcecode.swift;path=CurrencyExchangeView.swift;sourceTree="<group>";};
		DBEBD25ACCB24B0A93FFD5B8={isa=PBXFileReference;lastKnownFileType=sourcecode.swift;path=ExploitsView.swift;sourceTree="<group>";};
		91E0A7B85B864A0584EF8025={isa=PBXFileReference;lastKnownFileType=sourcecode.swift;path=FeedView.swift;sourceTree="<group>";};
		FE6EFB2A5A2742FAB81E4FB9={isa=PBXFileReference;lastKnownFileType=sourcecode.swift;path=FriendsView.swift;sourceTree="<group>";};
		7233304974BF497DB8C02112={isa=PBXFileReference;lastKnownFileType=sourcecode.swift;path=MainTabView.swift;sourceTree="<group>";};
		04E80117A48B4F57888A78B4={isa=PBXFileReference;lastKnownFileType=sourcecode.swift;path=MediaViewer.swift;sourceTree="<group>";};
		E722F23869524788B8F4C8A5={isa=PBXFileReference;lastKnownFileType=sourcecode.swift;path=MessagesView.swift;sourceTree="<group>";};
		C71CA69420C64AA5833A8715={isa=PBXFileReference;lastKnownFileType=sourcecode.swift;path=PrivacyEngine.swift;sourceTree="<group>";};
		99FCE7583F4741CB8F1D73D7={isa=PBXFileReference;lastKnownFileType=sourcecode.swift;path=ProfileView.swift;sourceTree="<group>";};
		33230DCA47254F4B83EA3527={isa=PBXFileReference;lastKnownFileType=sourcecode.swift;path=ProxyView.swift;sourceTree="<group>";};
		A425DBDF967643CC9F5FD30B={isa=PBXFileReference;lastKnownFileType=sourcecode.swift;path=RemoveBannedView.swift;sourceTree="<group>";};
		6F10F1AAC55C428BAA63997D={isa=PBXFileReference;lastKnownFileType=sourcecode.swift;path=SettingsStore.swift;sourceTree="<group>";};
		45A4F9FE0C2745B59304960C={isa=PBXFileReference;lastKnownFileType=sourcecode.swift;path=SettingsView.swift;sourceTree="<group>";};
		C1DCE119DE3F4B3280633706={isa=PBXFileReference;lastKnownFileType=sourcecode.swift;path=SplashView.swift;sourceTree="<group>";};
		553E00FAE0F544C9A8E88F7A={isa=PBXFileReference;lastKnownFileType=sourcecode.swift;path=Theme.swift;sourceTree="<group>";};
		613C6E83A1C442EA9480CB74={isa=PBXFileReference;lastKnownFileType=sourcecode.swift;path=ToastManager.swift;sourceTree="<group>";};
		FB3D4FBF228848BA93775701={isa=PBXFileReference;lastKnownFileType=sourcecode.swift;path=TokenStorage.swift;sourceTree="<group>";};
		D56413F6E89147D3A476F2B1={isa=PBXFileReference;lastKnownFileType=sourcecode.swift;path=ToolsView.swift;sourceTree="<group>";};
		CA880EF40A3341F2BFCE09CA={isa=PBXFileReference;lastKnownFileType=sourcecode.swift;path=VKAPIClient.swift;sourceTree="<group>";};
		4949C202137546A7B95CA121={isa=PBXFileReference;lastKnownFileType=sourcecode.swift;path=VKModels.swift;sourceTree="<group>";};
		AC22F5758C52418C85EB3D29={isa=PBXFileReference;lastKnownFileType=sourcecode.swift;path=VKPlusApp.swift;sourceTree="<group>";};
		DFE17E18553B426CA346FA30={isa=PBXFileReference;lastKnownFileType=sourcecode.swift;path=VisualSettingsView.swift;sourceTree="<group>";};
		24306AF3BEF945C18A815538={isa=PBXFileReference;lastKnownFileType=folder.assetcatalog;path=Assets.xcassets;sourceTree="<group>";};
		ACFF0DCEDA344291A8465598={isa=PBXFileReference;explicitFileType=wrapper.application;includeInIndex=0;path=VKPlus.app;sourceTree=BUILT_PRODUCTS_DIR;};
		B395A646C2054730A24C4621={isa=PBXFileReference;lastKnownFileType=wrapper.framework;name=AVFoundation.framework;path=System/Library/Frameworks/AVFoundation.framework;sourceTree=SDKROOT;};
/* End PBXFileReference section */

/* Begin PBXFrameworksBuildPhase section */
		E87F3CFF1DDF4E439F2B86D2={isa=PBXFrameworksBuildPhase;buildActionMask=2147483647;files=(DCE5EB82E3FB4FC9B6ADA1A9,);runOnlyForDeploymentPostprocessing=0;};
/* End PBXFrameworksBuildPhase section */

/* Begin PBXGroup section */
		566DF978A5F54973B2FA5818={isa=PBXGroup;children=(95FA300BE1F848CE845F6A95,5C086275E8114F91A98711BE,);sourceTree="<group>";};
		95FA300BE1F848CE845F6A95={isa=PBXGroup;children=(
				CC2233445566778899AABB00 /* CommunitiesView.swift */,
				AA1122334455667788990011,
				FF1122334455667788990011,
				EE1122334455667788990011,
				DD1122334455667788990011,
				BB2233445566778899AABB00,
				CC1122334455667700112233,
				3EEACAC82B7249DA8FEE5DE8,
			309AE0DA42554419BB1A2AC6,
			49D1AEB157CA44E2A19BD4E7,
			DB7DE331F4BF458DBC24CBE0,
			BAE3163F06BA4DBF91FD0A21,
			FF9E956535C84CAE8CA1E574,
			5FBFED61719D4154A45CB999,
			1FC8618230044CBE89F8D06D,
			C5B21503E31C46778398A4D5,
			DBEBD25ACCB24B0A93FFD5B8,
			91E0A7B85B864A0584EF8025,
			FE6EFB2A5A2742FAB81E4FB9,
			7233304974BF497DB8C02112,
			04E80117A48B4F57888A78B4,
			E722F23869524788B8F4C8A5,
			C71CA69420C64AA5833A8715,
			99FCE7583F4741CB8F1D73D7,
			33230DCA47254F4B83EA3527,
			A425DBDF967643CC9F5FD30B,
			6F10F1AAC55C428BAA63997D,
			45A4F9FE0C2745B59304960C,
			C1DCE119DE3F4B3280633706,
			553E00FAE0F544C9A8E88F7A,
			613C6E83A1C442EA9480CB74,
			FB3D4FBF228848BA93775701,
			D56413F6E89147D3A476F2B1,
			CA880EF40A3341F2BFCE09CA,
			4949C202137546A7B95CA121,
			AC22F5758C52418C85EB3D29,
			DFE17E18553B426CA346FA30,
			24306AF3BEF945C18A815538,
		);path=VKPlus;sourceTree="<group>";};
		5C086275E8114F91A98711BE={isa=PBXGroup;children=(ACFF0DCEDA344291A8465598,);name=Products;sourceTree="<group>";};
/* End PBXGroup section */

/* Begin PBXNativeTarget section */
		BAAE2011C39D41B5B1B05600={isa=PBXNativeTarget;buildConfigurationList=2CEECEC6CF344CAF8725F53E;buildPhases=(1EF9FD6FDCE44A6EA87FDBBA,E87F3CFF1DDF4E439F2B86D2,95C37C2A5B91450990CF5AC3,);buildRules=();dependencies=();name=VKPlus;productName=VKPlus;productReference=ACFF0DCEDA344291A8465598;productType="com.apple.product-type.application";};
/* End PBXNativeTarget section */

/* Begin PBXProject section */
		AF87D34026A54AAE9140C12C={isa=PBXProject;buildConfigurationList=B832869C1FCF4F218B4D19FF;compatibilityVersion="Xcode 14.0";developmentRegion=en;hasScannedForEncodings=0;knownRegions=(en,Base,);mainGroup=566DF978A5F54973B2FA5818;productRefGroup=5C086275E8114F91A98711BE;projectDirPath="";projectRoot="";targets=(BAAE2011C39D41B5B1B05600,);};
/* End PBXProject section */

/* Begin PBXResourcesBuildPhase section */
		95C37C2A5B91450990CF5AC3={isa=PBXResourcesBuildPhase;buildActionMask=2147483647;files=(E092D1100CCB4B839BBBF116,);runOnlyForDeploymentPostprocessing=0;};
/* End PBXResourcesBuildPhase section */

/* Begin PBXSourcesBuildPhase section */
		1EF9FD6FDCE44A6EA87FDBBA={isa=PBXSourcesBuildPhase;buildActionMask=2147483647;files=(
			CC2233445566778899AABB11,
			AA1122334455667788990022,
			FF1122334455667788990022,
			EE1122334455667788990022,
			DD1122334455667788990022,
			BB2233445566778899AABB11,
			AA00BB11CC22DD3344556677,
			CC1122334455668800112233,
			F7CF856432874D2F845044A3,
			DA7DD5BCBF7944EA92DCBF61,
			6C255109BFA34E9FA5416754,
			36706441E428462AB7BECCD7,
			AB282466E5E4459FA6D68C66,
			CEA2ABD279914D8881F8236E,
			002EE6A72A0C4231A73FB7D9,
			0FA7F3C1B45C4D4790198DCF,
			34AB9C9783D94324BD088B98,
			E98EF70D153C465A83781186,
			DC7E6B98256E4DB59F624493,
			30B58CEE66EC4FEFA41FC7E2,
			3F8ECD8A07F740E29E78FFAB,
			26E496D3A8854B35A1AFF7A1,
			6DC53A6036CD43E6AD214513,
			109091E3CE504625AC3ABB47,
			E726E62A421A421F8D59615B,
			F413866F6C3E454E99A6A0B8,
			77871B788D0D42ED8584606E,
			46C49CA49A7F451AB243DE0B,
			1E635E7988354639BFF4ABA6,
			234331A3973D4499B56DD0EB,
			04A29F54D6974BDA91770892,
			1F21F5A5D369406D88979FB9,
			9AE9F57AE8A5470A8BC02172,
			41CEF0EAD55844EE9D4B8868,
			1CC2237FCC52455BB7B8690C,
			C4821AAE3D5647DEB20EEE86,
			C99C207284A5481E803AAFEA,
			D0CF4B1BF47C4331A822B1B7,
		);runOnlyForDeploymentPostprocessing=0;};
/* End PBXSourcesBuildPhase section */

/* Begin XCBuildConfiguration section */
		79BCDC7BEDE94479ACBE07AC={isa=XCBuildConfiguration;buildSettings={ASETCATALOG_COMPILER_APPICON_NAME=AppIcon;CODE_SIGN_IDENTITY="";CODE_SIGNING_ALLOWED=NO;CODE_SIGNING_REQUIRED=NO;CURRENT_PROJECT_VERSION=1;GENERATE_INFOPLIST_FILE=YES;INFOPLIST_KEY_CFBundleDisplayName="VK+";INFOPLIST_KEY_NSAppTransportSecurity="<dict><key>NSAllowsArbitraryLoads</key><true/></dict>";INFOPLIST_KEY_NSMicrophoneUsageDescription="Для записи голосовых сообщений";INFOPLIST_KEY_NSPhotoLibraryAddUsageDescription="Для сохранения фото из сообщений";INFOPLIST_KEY_UIApplicationSceneManifest_Generation=YES;INFOPLIST_KEY_UILaunchScreen_Generation=YES;INFOPLIST_KEY_UISupportedInterfaceOrientations_iPhone=UIInterfaceOrientationPortrait;IPHONEOS_DEPLOYMENT_TARGET=17.0;MARKETING_VERSION=1.0;PRODUCT_BUNDLE_IDENTIFIER=com.selfcode.vkplus;PRODUCT_NAME=VKPlus;SWIFT_EMIT_LOC_STRINGS=YES;SWIFT_VERSION=5.0;TARGETED_DEVICE_FAMILY=1;};name=Debug;};
		AE3C5FF03D9A47AAB3E90DCC={isa=XCBuildConfiguration;buildSettings={ASETCATALOG_COMPILER_APPICON_NAME=AppIcon;CODE_SIGN_IDENTITY="";CODE_SIGNING_ALLOWED=NO;CODE_SIGNING_REQUIRED=NO;CURRENT_PROJECT_VERSION=1;GENERATE_INFOPLIST_FILE=YES;INFOPLIST_KEY_CFBundleDisplayName="VK+";INFOPLIST_KEY_NSAppTransportSecurity="<dict><key>NSAllowsArbitraryLoads</key><true/></dict>";INFOPLIST_KEY_NSMicrophoneUsageDescription="Для записи голосовых сообщений";INFOPLIST_KEY_NSPhotoLibraryAddUsageDescription="Для сохранения фото из сообщений";INFOPLIST_KEY_UIApplicationSceneManifest_Generation=YES;INFOPLIST_KEY_UILaunchScreen_Generation=YES;INFOPLIST_KEY_UISupportedInterfaceOrientations_iPhone=UIInterfaceOrientationPortrait;IPHONEOS_DEPLOYMENT_TARGET=17.0;MARKETING_VERSION=1.0;PRODUCT_BUNDLE_IDENTIFIER=com.selfcode.vkplus;PRODUCT_NAME=VKPlus;SWIFT_EMIT_LOC_STRINGS=YES;SWIFT_VERSION=5.0;TARGETED_DEVICE_FAMILY=1;};name=Release;};
		9F811644C9EC41C18EF719E1={isa=XCBuildConfiguration;buildSettings={ALWAYS_SEARCH_USER_PATHS=NO;CLANG_ENABLE_MODULES=YES;CLANG_ENABLE_OBJC_ARC=YES;COPY_PHASE_STRIP=NO;DEBUG_INFORMATION_FORMAT=dwarf;GCC_NO_COMMON_BLOCKS=YES;GCC_OPTIMIZATION_LEVEL=0;ONLY_ACTIVE_ARCH=YES;SDKROOT=iphoneos;SWIFT_ACTIVE_COMPILATION_CONDITIONS=DEBUG;SWIFT_OPTIMIZATION_LEVEL="-Onone";};name=Debug;};
		261B9943BCA74CE39D0464DE={isa=XCBuildConfiguration;buildSettings={ALWAYS_SEARCH_USER_PATHS=NO;CLANG_ENABLE_MODULES=YES;CLANG_ENABLE_OBJC_ARC=YES;COPY_PHASE_STRIP=NO;DEBUG_INFORMATION_FORMAT="dwarf-with-dsym";ENABLE_NS_ASSERTIONS=NO;GCC_NO_COMMON_BLOCKS=YES;SDKROOT=iphoneos;SWIFT_COMPILATION_MODE=wholemodule;SWIFT_OPTIMIZATION_LEVEL="-O";VALIDATE_PRODUCT=YES;};name=Release;};
/* End XCBuildConfiguration section */

/* Begin XCConfigurationList section */
		2CEECEC6CF344CAF8725F53E={isa=XCConfigurationList;buildConfigurations=(79BCDC7BEDE94479ACBE07AC,AE3C5FF03D9A47AAB3E90DCC,);defaultConfigurationIsVisible=0;defaultConfigurationName=Release;};
		B832869C1FCF4F218B4D19FF={isa=XCConfigurationList;buildConfigurations=(9F811644C9EC41C18EF719E1,261B9943BCA74CE39D0464DE,);defaultConfigurationIsVisible=0;defaultConfigurationName=Release;};
/* End XCConfigurationList section */

	};
	rootObject=AF87D34026A54AAE9140C12C;

		CC2233445566778899AABB00 = {isa = PBXFileReference; lastKnownFileType = sourcecode.swift; path = CommunitiesView.swift; sourceTree = "<group>"; };
		CC2233445566778899AABB11 = {isa = PBXBuildFile; fileRef = CC2233445566778899AABB00 /* CommunitiesView.swift */; };}